{
  "name": "miercoles",
  "version": "1.0.0",
  "lockfileVersion": 2,
  "requires": true,
  "packages": {
    "": {
      "name": "miercoles",
      "version": "1.0.0",
      "license": "ISC",
      "dependencies": {
        "console-log-colors": "^0.3.0"
      }
    },
    "node_modules/console-log-colors": {
      "version": "0.3.0",
      "resolved": "https://registry.npmjs.org/console-log-colors/-/console-log-colors-0.3.0.tgz",
      "integrity": "sha512-/liOPE0ivzQjNzPkJIiCYRGsMEVL+wQOEEl+mn/uTCoo6meaN9SWEJaDNDqDVDo8krt3luEQBrJMYUf5xtLW4w==",
      "engines": {
        "node": ">= 4.1.0"
      }
    }
  },
  "dependencies": {
    "console-log-colors": {
      "version": "0.3.0",
      "resolved": "https://registry.npmjs.org/console-log-colors/-/console-log-colors-0.3.0.tgz",
      "integrity": "sha512-/liOPE0ivzQjNzPkJIiCYRGsMEVL+wQOEEl+mn/uTCoo6meaN9SWEJaDNDqDVDo8krt3luEQBrJMYUf5xtLW4w=="
    }
  }
}
